// !$*UTF8*$!
{
	archiveVersion = 1;
	classes = {
	};
	objectVersion = 46;
	objects = {

/* Begin PBXBuildFile section */
		D343512F152B580E00BEE7BB /* ExampleViewController.m in Sources */ = {isa = PBXBuildFile; fileRef = D343512E152B580E00BEE7BB /* ExampleViewController.m */; };
		D352EF841529FA4F00A3E94C /* UIKit.framework in Frameworks */ = {isa = PBXBuildFile; fileRef = D352EF831529FA4F00A3E94C /* UIKit.framework */; };
		D352EF861529FA4F00A3E94C /* Foundation.framework in Frameworks */ = {isa = PBXBuildFile; fileRef = D352EF851529FA4F00A3E94C /* Foundation.framework */; };
		D352EF881529FA4F00A3E94C /* CoreGraphics.framework in Frameworks */ = {isa = PBXBuildFile; fileRef = D352EF871529FA4F00A3E94C /* CoreGraphics.framework */; };
		D352EFA11529FE4600A3E94C /* AppDelegate.m in Sources */ = {isa = PBXBuildFile; fileRef = D352EFA01529FE4600A3E94C /* AppDelegate.m */; };
		D352EFA61529FE5900A3E94C /* main.m in Sources */ = {isa = PBXBuildFile; fileRef = D352EFA41529FE5900A3E94C /* main.m */; };
		D352EFF4152A261E00A3E94C /* BBStackAPICallData.m in Sources */ = {isa = PBXBuildFile; fileRef = D352EFD6152A261E00A3E94C /* BBStackAPICallData.m */; };
		D352EFF5152A261E00A3E94C /* BBStackExchangeAPIClient.m in Sources */ = {isa = PBXBuildFile; fileRef = D352EFD8152A261E00A3E94C /* BBStackExchangeAPIClient.m */; };
		D352EFF6152A261E00A3E94C /* BBStackAPIAnswer.m in Sources */ = {isa = PBXBuildFile; fileRef = D352EFDB152A261E00A3E94C /* BBStackAPIAnswer.m */; };
		D352EFF7152A261E00A3E94C /* BBStackAPIComment.m in Sources */ = {isa = PBXBuildFile; fileRef = D352EFDD152A261E00A3E94C /* BBStackAPIComment.m */; };
		D352EFF8152A261E00A3E94C /* BBStackAPIModelBase.m in Sources */ = {isa = PBXBuildFile; fileRef = D352EFDF152A261E00A3E94C /* BBStackAPIModelBase.m */; };
		D352EFF9152A261E00A3E94C /* BBStackAPIQuestion.m in Sources */ = {isa = PBXBuildFile; fileRef = D352EFE1152A261E00A3E94C /* BBStackAPIQuestion.m */; };
		D352EFFA152A261E00A3E94C /* BBStackAPISite.m in Sources */ = {isa = PBXBuildFile; fileRef = D352EFE3152A261E00A3E94C /* BBStackAPISite.m */; };
		D352EFFB152A261E00A3E94C /* BBStackAPISiteInfo.m in Sources */ = {isa = PBXBuildFile; fileRef = D352EFE5152A261E00A3E94C /* BBStackAPISiteInfo.m */; };
		D352EFFC152A261E00A3E94C /* BBStackAPITag.m in Sources */ = {isa = PBXBuildFile; fileRef = D352EFE7152A261E00A3E94C /* BBStackAPITag.m */; };
		D352EFFD152A261E00A3E94C /* BBStackAPITagWiki.m in Sources */ = {isa = PBXBuildFile; fileRef = D352EFE9152A261E00A3E94C /* BBStackAPITagWiki.m */; };
		D352EFFE152A261E00A3E94C /* BBStackAPIUser.m in Sources */ = {isa = PBXBuildFile; fileRef = D352EFEB152A261E00A3E94C /* BBStackAPIUser.m */; };
		D352EFFF152A261E00A3E94C /* BBStackExchangeModel.m in Sources */ = {isa = PBXBuildFile; fileRef = D352EFED152A261E00A3E94C /* BBStackExchangeModel.m */; };
		D352F000152A261E00A3E94C /* NSArray+Formatting.m in Sources */ = {isa = PBXBuildFile; fileRef = D352EFEF152A261E00A3E94C /* NSArray+Formatting.m */; };
		D352F001152A261E00A3E94C /* NSString+Formatting.m in Sources */ = {isa = PBXBuildFile; fileRef = D352EFF1152A261E00A3E94C /* NSString+Formatting.m */; };
		D352F002152A261E00A3E94C /* NSURL+StackExchange.m in Sources */ = {isa = PBXBuildFile; fileRef = D352EFF3152A261E00A3E94C /* NSURL+StackExchange.m */; };
		D352F0FC152A4FC700A3E94C /* AFHTTPClient.m in Sources */ = {isa = PBXBuildFile; fileRef = D352F0E8152A4FC700A3E94C /* AFHTTPClient.m */; };
		D352F0FD152A4FC700A3E94C /* AFHTTPRequestOperation.m in Sources */ = {isa = PBXBuildFile; fileRef = D352F0EA152A4FC700A3E94C /* AFHTTPRequestOperation.m */; };
		D352F0FE152A4FC700A3E94C /* AFImageRequestOperation.m in Sources */ = {isa = PBXBuildFile; fileRef = D352F0EC152A4FC700A3E94C /* AFImageRequestOperation.m */; };
		D352F0FF152A4FC700A3E94C /* AFJSONRequestOperation.m in Sources */ = {isa = PBXBuildFile; fileRef = D352F0EE152A4FC700A3E94C /* AFJSONRequestOperation.m */; };
		D352F100152A4FC700A3E94C /* AFJSONUtilities.m in Sources */ = {isa = PBXBuildFile; fileRef = D352F0F0152A4FC700A3E94C /* AFJSONUtilities.m */; };
		D352F101152A4FC700A3E94C /* AFNetworkActivityIndicatorManager.m in Sources */ = {isa = PBXBuildFile; fileRef = D352F0F2152A4FC700A3E94C /* AFNetworkActivityIndicatorManager.m */; };
		D352F102152A4FC700A3E94C /* AFPropertyListRequestOperation.m in Sources */ = {isa = PBXBuildFile; fileRef = D352F0F5152A4FC700A3E94C /* AFPropertyListRequestOperation.m */; };
		D352F103152A4FC700A3E94C /* AFURLConnectionOperation.m in Sources */ = {isa = PBXBuildFile; fileRef = D352F0F7152A4FC700A3E94C /* AFURLConnectionOperation.m */; };
		D352F104152A4FC700A3E94C /* AFXMLRequestOperation.m in Sources */ = {isa = PBXBuildFile; fileRef = D352F0F9152A4FC700A3E94C /* AFXMLRequestOperation.m */; };
		D352F105152A4FC700A3E94C /* UIImageView+AFNetworking.m in Sources */ = {isa = PBXBuildFile; fileRef = D352F0FB152A4FC700A3E94C /* UIImageView+AFNetworking.m */; };
		D352F105152A4FC700A3E94E /* BBStackExchangeNetworkAPIClient.m in Sources */ = {isa = PBXBuildFile; fileRef = D352F105152A4FC700A3E94D /* BBStackExchangeNetworkAPIClient.m */; };
		D352F105152A4FC700A3E954 /* BBStackExchangeAPIClientBase+Protected.m in Sources */ = {isa = PBXBuildFile; fileRef = D352F105152A4FC700A3E953 /* BBStackExchangeAPIClientBase+Protected.m */; };
		D352F105152A4FC700A3E958 /* BBStackExchangeAPIClientBase.m in Sources */ = {isa = PBXBuildFile; fileRef = D352F105152A4FC700A3E957 /* BBStackExchangeAPIClientBase.m */; };
		D352F105152A4FC700A3E95A /* QuestionTableViewCell.m in Sources */ = {isa = PBXBuildFile; fileRef = D352F105152A4FC700A3E959 /* QuestionTableViewCell.m */; };
/* End PBXBuildFile section */

/* Begin PBXFileReference section */
		D343512D152B580E00BEE7BB /* ExampleViewController.h */ = {isa = PBXFileReference; fileEncoding = 4; lastKnownFileType = sourcecode.c.h; path = ExampleViewController.h; sourceTree = "<group>"; };
		D343512E152B580E00BEE7BB /* ExampleViewController.m */ = {isa = PBXFileReference; fileEncoding = 4; lastKnownFileType = sourcecode.c.objc; path = ExampleViewController.m; sourceTree = "<group>"; };
		D352EF7F1529FA4F00A3E94C /* BBStackExchange iOS Example.app */ = {isa = PBXFileReference; explicitFileType = wrapper.application; includeInIndex = 0; path = "BBStackExchange iOS Example.app"; sourceTree = BUILT_PRODUCTS_DIR; };
		D352EF831529FA4F00A3E94C /* UIKit.framework */ = {isa = PBXFileReference; lastKnownFileType = wrapper.framework; name = UIKit.framework; path = System/Library/Frameworks/UIKit.framework; sourceTree = SDKROOT; };
		D352EF851529FA4F00A3E94C /* Foundation.framework */ = {isa = PBXFileReference; lastKnownFileType = wrapper.framework; name = Foundation.framework; path = System/Library/Frameworks/Foundation.framework; sourceTree = SDKROOT; };
		D352EF871529FA4F00A3E94C /* CoreGraphics.framework */ = {isa = PBXFileReference; lastKnownFileType = wrapper.framework; name = CoreGraphics.framework; path = System/Library/Frameworks/CoreGraphics.framework; sourceTree = SDKROOT; };
		D352EF9F1529FE4600A3E94C /* AppDelegate.h */ = {isa = PBXFileReference; fileEncoding = 4; lastKnownFileType = sourcecode.c.h; path = AppDelegate.h; sourceTree = SOURCE_ROOT; };
		D352EFA01529FE4600A3E94C /* AppDelegate.m */ = {isa = PBXFileReference; fileEncoding = 4; lastKnownFileType = sourcecode.c.objc; path = AppDelegate.m; sourceTree = SOURCE_ROOT; };
		D352EFA41529FE5900A3E94C /* main.m */ = {isa = PBXFileReference; fileEncoding = 4; lastKnownFileType = sourcecode.c.objc; path = main.m; sourceTree = SOURCE_ROOT; };
		D352EFB1152A248100A3E94C /* BBStackExchange iOS Example-Info.plist */ = {isa = PBXFileReference; fileEncoding = 4; lastKnownFileType = text.plist.xml; path = "BBStackExchange iOS Example-Info.plist"; sourceTree = SOURCE_ROOT; };
		D352EFB2152A248100A3E94C /* BBStackExchange iOS Example-Prefix.pch */ = {isa = PBXFileReference; fileEncoding = 4; lastKnownFileType = sourcecode.c.h; path = "BBStackExchange iOS Example-Prefix.pch"; sourceTree = SOURCE_ROOT; };
		D352EFD5152A261E00A3E94C /* BBStackAPICallData.h */ = {isa = PBXFileReference; fileEncoding = 4; lastKnownFileType = sourcecode.c.h; name = BBStackAPICallData.h; path = ../BBStackExchange/BBStackAPICallData.h; sourceTree = "<group>"; };
		D352EFD6152A261E00A3E94C /* BBStackAPICallData.m */ = {isa = PBXFileReference; fileEncoding = 4; lastKnownFileType = sourcecode.c.objc; name = BBStackAPICallData.m; path = ../BBStackExchange/BBStackAPICallData.m; sourceTree = "<group>"; };
		D352EFD7152A261E00A3E94C /* BBStackExchangeAPIClient.h */ = {isa = PBXFileReference; fileEncoding = 4; lastKnownFileType = sourcecode.c.h; name = BBStackExchangeAPIClient.h; path = ../BBStackExchange/BBStackExchangeAPIClient.h; sourceTree = "<group>"; };
		D352EFD8152A261E00A3E94C /* BBStackExchangeAPIClient.m */ = {isa = PBXFileReference; fileEncoding = 4; lastKnownFileType = sourcecode.c.objc; name = BBStackExchangeAPIClient.m; path = ../BBStackExchange/BBStackExchangeAPIClient.m; sourceTree = "<group>"; };
		D352EFDA152A261E00A3E94C /* BBStackAPIAnswer.h */ = {isa = PBXFileReference; fileEncoding = 4; lastKnownFileType = sourcecode.c.h; path = BBStackAPIAnswer.h; sourceTree = "<group>"; };
		D352EFDB152A261E00A3E94C /* BBStackAPIAnswer.m */ = {isa = PBXFileReference; fileEncoding = 4; lastKnownFileType = sourcecode.c.objc; path = BBStackAPIAnswer.m; sourceTree = "<group>"; };
		D352EFDC152A261E00A3E94C /* BBStackAPIComment.h */ = {isa = PBXFileReference; fileEncoding = 4; lastKnownFileType = sourcecode.c.h; path = BBStackAPIComment.h; sourceTree = "<group>"; };
		D352EFDD152A261E00A3E94C /* BBStackAPIComment.m */ = {isa = PBXFileReference; fileEncoding = 4; lastKnownFileType = sourcecode.c.objc; path = BBStackAPIComment.m; sourceTree = "<group>"; };
		D352EFDE152A261E00A3E94C /* BBStackAPIModelBase.h */ = {isa = PBXFileReference; fileEncoding = 4; lastKnownFileType = sourcecode.c.h; path = BBStackAPIModelBase.h; sourceTree = "<group>"; };
		D352EFDF152A261E00A3E94C /* BBStackAPIModelBase.m */ = {isa = PBXFileReference; fileEncoding = 4; lastKnownFileType = sourcecode.c.objc; path = BBStackAPIModelBase.m; sourceTree = "<group>"; };
		D352EFE0152A261E00A3E94C /* BBStackAPIQuestion.h */ = {isa = PBXFileReference; fileEncoding = 4; lastKnownFileType = sourcecode.c.h; path = BBStackAPIQuestion.h; sourceTree = "<group>"; };
		D352EFE1152A261E00A3E94C /* BBStackAPIQuestion.m */ = {isa = PBXFileReference; fileEncoding = 4; lastKnownFileType = sourcecode.c.objc; path = BBStackAPIQuestion.m; sourceTree = "<group>"; };
		D352EFE2152A261E00A3E94C /* BBStackAPISite.h */ = {isa = PBXFileReference; fileEncoding = 4; lastKnownFileType = sourcecode.c.h; path = BBStackAPISite.h; sourceTree = "<group>"; };
		D352EFE3152A261E00A3E94C /* BBStackAPISite.m */ = {isa = PBXFileReference; fileEncoding = 4; lastKnownFileType = sourcecode.c.objc; path = BBStackAPISite.m; sourceTree = "<group>"; };
		D352EFE4152A261E00A3E94C /* BBStackAPISiteInfo.h */ = {isa = PBXFileReference; fileEncoding = 4; lastKnownFileType = sourcecode.c.h; path = BBStackAPISiteInfo.h; sourceTree = "<group>"; };
		D352EFE5152A261E00A3E94C /* BBStackAPISiteInfo.m */ = {isa = PBXFileReference; fileEncoding = 4; lastKnownFileType = sourcecode.c.objc; path = BBStackAPISiteInfo.m; sourceTree = "<group>"; };
		D352EFE6152A261E00A3E94C /* BBStackAPITag.h */ = {isa = PBXFileReference; fileEncoding = 4; lastKnownFileType = sourcecode.c.h; path = BBStackAPITag.h; sourceTree = "<group>"; };
		D352EFE7152A261E00A3E94C /* BBStackAPITag.m */ = {isa = PBXFileReference; fileEncoding = 4; lastKnownFileType = sourcecode.c.objc; path = BBStackAPITag.m; sourceTree = "<group>"; };
		D352EFE8152A261E00A3E94C /* BBStackAPITagWiki.h */ = {isa = PBXFileReference; fileEncoding = 4; lastKnownFileType = sourcecode.c.h; path = BBStackAPITagWiki.h; sourceTree = "<group>"; };
		D352EFE9152A261E00A3E94C /* BBStackAPITagWiki.m */ = {isa = PBXFileReference; fileEncoding = 4; lastKnownFileType = sourcecode.c.objc; path = BBStackAPITagWiki.m; sourceTree = "<group>"; };
		D352EFEA152A261E00A3E94C /* BBStackAPIUser.h */ = {isa = PBXFileReference; fileEncoding = 4; lastKnownFileType = sourcecode.c.h; path = BBStackAPIUser.h; sourceTree = "<group>"; };
		D352EFEB152A261E00A3E94C /* BBStackAPIUser.m */ = {isa = PBXFileReference; fileEncoding = 4; lastKnownFileType = sourcecode.c.objc; path = BBStackAPIUser.m; sourceTree = "<group>"; };
		D352EFEC152A261E00A3E94C /* BBStackExchangeModel.h */ = {isa = PBXFileReference; fileEncoding = 4; lastKnownFileType = sourcecode.c.h; path = BBStackExchangeModel.h; sourceTree = "<group>"; };
		D352EFED152A261E00A3E94C /* BBStackExchangeModel.m */ = {isa = PBXFileReference; fileEncoding = 4; lastKnownFileType = sourcecode.c.objc; path = BBStackExchangeModel.m; sourceTree = "<group>"; };
		D352EFEE152A261E00A3E94C /* NSArray+Formatting.h */ = {isa = PBXFileReference; fileEncoding = 4; lastKnownFileType = sourcecode.c.h; path = "NSArray+Formatting.h"; sourceTree = "<group>"; };
		D352EFEF152A261E00A3E94C /* NSArray+Formatting.m */ = {isa = PBXFileReference; fileEncoding = 4; lastKnownFileType = sourcecode.c.objc; path = "NSArray+Formatting.m"; sourceTree = "<group>"; };
		D352EFF0152A261E00A3E94C /* NSString+Formatting.h */ = {isa = PBXFileReference; fileEncoding = 4; lastKnownFileType = sourcecode.c.h; name = "NSString+Formatting.h"; path = "../BBStackExchange/NSString+Formatting.h"; sourceTree = "<group>"; };
		D352EFF1152A261E00A3E94C /* NSString+Formatting.m */ = {isa = PBXFileReference; fileEncoding = 4; lastKnownFileType = sourcecode.c.objc; name = "NSString+Formatting.m"; path = "../BBStackExchange/NSString+Formatting.m"; sourceTree = "<group>"; };
		D352EFF2152A261E00A3E94C /* NSURL+StackExchange.h */ = {isa = PBXFileReference; fileEncoding = 4; lastKnownFileType = sourcecode.c.h; name = "NSURL+StackExchange.h"; path = "../BBStackExchange/NSURL+StackExchange.h"; sourceTree = "<group>"; };
		D352EFF3152A261E00A3E94C /* NSURL+StackExchange.m */ = {isa = PBXFileReference; fileEncoding = 4; lastKnownFileType = sourcecode.c.objc; name = "NSURL+StackExchange.m"; path = "../BBStackExchange/NSURL+StackExchange.m"; sourceTree = "<group>"; };
		D352F0E7152A4FC700A3E94C /* AFHTTPClient.h */ = {isa = PBXFileReference; fileEncoding = 4; lastKnownFileType = sourcecode.c.h; name = AFHTTPClient.h; path = ../../lib/AFNetworking/AFNetworking/AFHTTPClient.h; sourceTree = "<group>"; };
		D352F0E8152A4FC700A3E94C /* AFHTTPClient.m */ = {isa = PBXFileReference; fileEncoding = 4; lastKnownFileType = sourcecode.c.objc; name = AFHTTPClient.m; path = ../../lib/AFNetworking/AFNetworking/AFHTTPClient.m; sourceTree = "<group>"; };
		D352F0E9152A4FC700A3E94C /* AFHTTPRequestOperation.h */ = {isa = PBXFileReference; fileEncoding = 4; lastKnownFileType = sourcecode.c.h; name = AFHTTPRequestOperation.h; path = ../../lib/AFNetworking/AFNetworking/AFHTTPRequestOperation.h; sourceTree = "<group>"; };
		D352F0EA152A4FC700A3E94C /* AFHTTPRequestOperation.m */ = {isa = PBXFileReference; fileEncoding = 4; lastKnownFileType = sourcecode.c.objc; name = AFHTTPRequestOperation.m; path = ../../lib/AFNetworking/AFNetworking/AFHTTPRequestOperation.m; sourceTree = "<group>"; };
		D352F0EB152A4FC700A3E94C /* AFImageRequestOperation.h */ = {isa = PBXFileReference; fileEncoding = 4; lastKnownFileType = sourcecode.c.h; name = AFImageRequestOperation.h; path = ../../lib/AFNetworking/AFNetworking/AFImageRequestOperation.h; sourceTree = "<group>"; };
		D352F0EC152A4FC700A3E94C /* AFImageRequestOperation.m */ = {isa = PBXFileReference; fileEncoding = 4; lastKnownFileType = sourcecode.c.objc; name = AFImageRequestOperation.m; path = ../../lib/AFNetworking/AFNetworking/AFImageRequestOperation.m; sourceTree = "<group>"; };
		D352F0ED152A4FC700A3E94C /* AFJSONRequestOperation.h */ = {isa = PBXFileReference; fileEncoding = 4; lastKnownFileType = sourcecode.c.h; name = AFJSONRequestOperation.h; path = ../../lib/AFNetworking/AFNetworking/AFJSONRequestOperation.h; sourceTree = "<group>"; };
		D352F0EE152A4FC700A3E94C /* AFJSONRequestOperation.m */ = {isa = PBXFileReference; fileEncoding = 4; lastKnownFileType = sourcecode.c.objc; name = AFJSONRequestOperation.m; path = ../../lib/AFNetworking/AFNetworking/AFJSONRequestOperation.m; sourceTree = "<group>"; };
		D352F0EF152A4FC700A3E94C /* AFJSONUtilities.h */ = {isa = PBXFileReference; fileEncoding = 4; lastKnownFileType = sourcecode.c.h; name = AFJSONUtilities.h; path = ../../lib/AFNetworking/AFNetworking/AFJSONUtilities.h; sourceTree = "<group>"; };
		D352F0F0152A4FC700A3E94C /* AFJSONUtilities.m */ = {isa = PBXFileReference; fileEncoding = 4; lastKnownFileType = sourcecode.c.objc; name = AFJSONUtilities.m; path = ../../lib/AFNetworking/AFNetworking/AFJSONUtilities.m; sourceTree = "<group>"; };
		D352F0F1152A4FC700A3E94C /* AFNetworkActivityIndicatorManager.h */ = {isa = PBXFileReference; fileEncoding = 4; lastKnownFileType = sourcecode.c.h; name = AFNetworkActivityIndicatorManager.h; path = ../../lib/AFNetworking/AFNetworking/AFNetworkActivityIndicatorManager.h; sourceTree = "<group>"; };
		D352F0F2152A4FC700A3E94C /* AFNetworkActivityIndicatorManager.m */ = {isa = PBXFileReference; fileEncoding = 4; lastKnownFileType = sourcecode.c.objc; name = AFNetworkActivityIndicatorManager.m; path = ../../lib/AFNetworking/AFNetworking/AFNetworkActivityIndicatorManager.m; sourceTree = "<group>"; };
		D352F0F3152A4FC700A3E94C /* AFNetworking.h */ = {isa = PBXFileReference; fileEncoding = 4; lastKnownFileType = sourcecode.c.h; name = AFNetworking.h; path = ../../lib/AFNetworking/AFNetworking/AFNetworking.h; sourceTree = "<group>"; };
		D352F0F4152A4FC700A3E94C /* AFPropertyListRequestOperation.h */ = {isa = PBXFileReference; fileEncoding = 4; lastKnownFileType = sourcecode.c.h; name = AFPropertyListRequestOperation.h; path = ../../lib/AFNetworking/AFNetworking/AFPropertyListRequestOperation.h; sourceTree = "<group>"; };
		D352F0F5152A4FC700A3E94C /* AFPropertyListRequestOperation.m */ = {isa = PBXFileReference; fileEncoding = 4; lastKnownFileType = sourcecode.c.objc; name = AFPropertyListRequestOperation.m; path = ../../lib/AFNetworking/AFNetworking/AFPropertyListRequestOperation.m; sourceTree = "<group>"; };
		D352F0F6152A4FC700A3E94C /* AFURLConnectionOperation.h */ = {isa = PBXFileReference; fileEncoding = 4; lastKnownFileType = sourcecode.c.h; name = AFURLConnectionOperation.h; path = ../../lib/AFNetworking/AFNetworking/AFURLConnectionOperation.h; sourceTree = "<group>"; };
		D352F0F7152A4FC700A3E94C /* AFURLConnectionOperation.m */ = {isa = PBXFileReference; fileEncoding = 4; lastKnownFileType = sourcecode.c.objc; name = AFURLConnectionOperation.m; path = ../../lib/AFNetworking/AFNetworking/AFURLConnectionOperation.m; sourceTree = "<group>"; };
		D352F0F8152A4FC700A3E94C /* AFXMLRequestOperation.h */ = {isa = PBXFileReference; fileEncoding = 4; lastKnownFileType = sourcecode.c.h; name = AFXMLRequestOperation.h; path = ../../lib/AFNetworking/AFNetworking/AFXMLRequestOperation.h; sourceTree = "<group>"; };
		D352F0F9152A4FC700A3E94C /* AFXMLRequestOperation.m */ = {isa = PBXFileReference; fileEncoding = 4; lastKnownFileType = sourcecode.c.objc; name = AFXMLRequestOperation.m; path = ../../lib/AFNetworking/AFNetworking/AFXMLRequestOperation.m; sourceTree = "<group>"; };
		D352F0FA152A4FC700A3E94C /* UIImageView+AFNetworking.h */ = {isa = PBXFileReference; fileEncoding = 4; lastKnownFileType = sourcecode.c.h; name = "UIImageView+AFNetworking.h"; path = "../../lib/AFNetworking/AFNetworking/UIImageView+AFNetworking.h"; sourceTree = "<group>"; };
		D352F0FB152A4FC700A3E94C /* UIImageView+AFNetworking.m */ = {isa = PBXFileReference; fileEncoding = 4; lastKnownFileType = sourcecode.c.objc; name = "UIImageView+AFNetworking.m"; path = "../../lib/AFNetworking/AFNetworking/UIImageView+AFNetworking.m"; sourceTree = "<group>"; };
		D352F105152A4FC700A3E94D /* BBStackExchangeNetworkAPIClient.m */ = {isa = PBXFileReference; fileEncoding = 4; lastKnownFileType = sourcecode.c.objc; name = BBStackExchangeNetworkAPIClient.m; path = ../BBStackExchange/BBStackExchangeNetworkAPIClient.m; sourceTree = "<group>"; };
		D352F105152A4FC700A3E94F /* BBStackExchangeNetworkAPIClient.h */ = {isa = PBXFileReference; fileEncoding = 4; lastKnownFileType = sourcecode.c.h; name = BBStackExchangeNetworkAPIClient.h; path = ../BBStackExchange/BBStackExchangeNetworkAPIClient.h; sourceTree = "<group>"; };
		D352F105152A4FC700A3E953 /* BBStackExchangeAPIClientBase+Protected.m */ = {isa = PBXFileReference; fileEncoding = 4; lastKnownFileType = sourcecode.c.objc; name = "BBStackExchangeAPIClientBase+Protected.m"; path = "../BBStackExchange/BBStackExchangeAPIClientBase+Protected.m"; sourceTree = "<group>"; };
		D352F105152A4FC700A3E955 /* BBStackExchangeAPIClientBase+Protected.h */ = {isa = PBXFileReference; fileEncoding = 4; lastKnownFileType = sourcecode.c.h; name = "BBStackExchangeAPIClientBase+Protected.h"; path = "../BBStackExchange/BBStackExchangeAPIClientBase+Protected.h"; sourceTree = "<group>"; };
		D352F105152A4FC700A3E956 /* BBStackExchangeAPIClientBase.h */ = {isa = PBXFileReference; fileEncoding = 4; lastKnownFileType = sourcecode.c.h; path = BBStackExchangeAPIClientBase.h; sourceTree = "<group>"; };
		D352F105152A4FC700A3E957 /* BBStackExchangeAPIClientBase.m */ = {isa = PBXFileReference; fileEncoding = 4; lastKnownFileType = sourcecode.c.objc; path = BBStackExchangeAPIClientBase.m; sourceTree = "<group>"; };
		D352F105152A4FC700A3E959 /* QuestionTableViewCell.m */ = {isa = PBXFileReference; fileEncoding = 4; lastKnownFileType = sourcecode.c.objc; path = QuestionTableViewCell.m; sourceTree = "<group>"; };
		D352F105152A4FC700A3E95B /* QuestionTableViewCell.h */ = {isa = PBXFileReference; fileEncoding = 4; lastKnownFileType = sourcecode.c.h; path = QuestionTableViewCell.h; sourceTree = "<group>"; };
/* End PBXFileReference section */

/* Begin PBXFrameworksBuildPhase section */
		D352EF7C1529FA4F00A3E94C /* Frameworks */ = {
			isa = PBXFrameworksBuildPhase;
			buildActionMask = 2147483647;
			files = (
				D352EF841529FA4F00A3E94C /* UIKit.framework in Frameworks */,
				D352EF861529FA4F00A3E94C /* Foundation.framework in Frameworks */,
				D352EF881529FA4F00A3E94C /* CoreGraphics.framework in Frameworks */,
			);
			runOnlyForDeploymentPostprocessing = 0;
		};
/* End PBXFrameworksBuildPhase section */

/* Begin PBXGroup section */
		D343512A152B57F300BEE7BB /* Classes */ = {
			isa = PBXGroup;
			children = (
				D343512C152B580400BEE7BB /* Controllers */,
				D343512B152B57F900BEE7BB /* Supporting Files */,
			);
			name = Classes;
			sourceTree = "<group>";
		};
		D343512B152B57F900BEE7BB /* Supporting Files */ = {
			isa = PBXGroup;
			children = (
				D352EFB1152A248100A3E94C /* BBStackExchange iOS Example-Info.plist */,
				D352EFB2152A248100A3E94C /* BBStackExchange iOS Example-Prefix.pch */,
				D352EFA41529FE5900A3E94C /* main.m */,
				D352EF9F1529FE4600A3E94C /* AppDelegate.h */,
				D352EFA01529FE4600A3E94C /* AppDelegate.m */,
			);
			name = "Supporting Files";
			sourceTree = "<group>";
		};
		D343512C152B580400BEE7BB /* Controllers */ = {
			isa = PBXGroup;
			children = (
				D343512D152B580E00BEE7BB /* ExampleViewController.h */,
				D343512E152B580E00BEE7BB /* ExampleViewController.m */,
			);
			name = Controllers;
			sourceTree = "<group>";
		};
		D352EF741529FA4F00A3E94C = {
			isa = PBXGroup;
			children = (
				D352F105152A4FC700A3E95B /* QuestionTableViewCell.h */,
				D352F105152A4FC700A3E959 /* QuestionTableViewCell.m */,
				D343512A152B57F300BEE7BB /* Classes */,
				D352EFAA152A1E2800A3E94C /* Lib */,
				D352EF821529FA4F00A3E94C /* Frameworks */,
				D352EF801529FA4F00A3E94C /* Products */,
			);
			sourceTree = "<group>";
		};
		D352EF801529FA4F00A3E94C /* Products */ = {
			isa = PBXGroup;
			children = (
				D352EF7F1529FA4F00A3E94C /* BBStackExchange iOS Example.app */,
			);
			name = Products;
			sourceTree = "<group>";
		};
		D352EF821529FA4F00A3E94C /* Frameworks */ = {
			isa = PBXGroup;
			children = (
				D352EF831529FA4F00A3E94C /* UIKit.framework */,
				D352EF851529FA4F00A3E94C /* Foundation.framework */,
				D352EF871529FA4F00A3E94C /* CoreGraphics.framework */,
			);
			name = Frameworks;
			sourceTree = "<group>";
		};
		D352EFAA152A1E2800A3E94C /* Lib */ = {
			isa = PBXGroup;
			children = (
				D352EFD4152A25C600A3E94C /* BBStackExchange */,
				D352EFAB152A1E2D00A3E94C /* AFNetworking */,
			);
			name = Lib;
			sourceTree = "<group>";
		};
		D352EFAB152A1E2D00A3E94C /* AFNetworking */ = {
			isa = PBXGroup;
			children = (
				D352F0E7152A4FC700A3E94C /* AFHTTPClient.h */,
				D352F0E8152A4FC700A3E94C /* AFHTTPClient.m */,
				D352F0E9152A4FC700A3E94C /* AFHTTPRequestOperation.h */,
				D352F0EA152A4FC700A3E94C /* AFHTTPRequestOperation.m */,
				D352F0EB152A4FC700A3E94C /* AFImageRequestOperation.h */,
				D352F0EC152A4FC700A3E94C /* AFImageRequestOperation.m */,
				D352F0ED152A4FC700A3E94C /* AFJSONRequestOperation.h */,
				D352F0EE152A4FC700A3E94C /* AFJSONRequestOperation.m */,
				D352F0EF152A4FC700A3E94C /* AFJSONUtilities.h */,
				D352F0F0152A4FC700A3E94C /* AFJSONUtilities.m */,
				D352F0F1152A4FC700A3E94C /* AFNetworkActivityIndicatorManager.h */,
				D352F0F2152A4FC700A3E94C /* AFNetworkActivityIndicatorManager.m */,
				D352F0F3152A4FC700A3E94C /* AFNetworking.h */,
				D352F0F4152A4FC700A3E94C /* AFPropertyListRequestOperation.h */,
				D352F0F5152A4FC700A3E94C /* AFPropertyListRequestOperation.m */,
				D352F0F6152A4FC700A3E94C /* AFURLConnectionOperation.h */,
				D352F0F7152A4FC700A3E94C /* AFURLConnectionOperation.m */,
				D352F0F8152A4FC700A3E94C /* AFXMLRequestOperation.h */,
				D352F0F9152A4FC700A3E94C /* AFXMLRequestOperation.m */,
				D352F0FA152A4FC700A3E94C /* UIImageView+AFNetworking.h */,
				D352F0FB152A4FC700A3E94C /* UIImageView+AFNetworking.m */,
			);
			name = AFNetworking;
			sourceTree = "<group>";
		};
		D352EFD4152A25C600A3E94C /* BBStackExchange */ = {
			isa = PBXGroup;
			children = (
				D352F105152A4FC700A3E957 /* BBStackExchangeAPIClientBase.m */,
				D352F105152A4FC700A3E956 /* BBStackExchangeAPIClientBase.h */,
				D352F105152A4FC700A3E955 /* BBStackExchangeAPIClientBase+Protected.h */,
				D352F105152A4FC700A3E953 /* BBStackExchangeAPIClientBase+Protected.m */,
				D352F105152A4FC700A3E94F /* BBStackExchangeNetworkAPIClient.h */,
				D352F105152A4FC700A3E94D /* BBStackExchangeNetworkAPIClient.m */,
				D352EFD9152A261E00A3E94C /* Model */,
				D352EFD5152A261E00A3E94C /* BBStackAPICallData.h */,
				D352EFD6152A261E00A3E94C /* BBStackAPICallData.m */,
				D352EFD7152A261E00A3E94C /* BBStackExchangeAPIClient.h */,
				D352EFD8152A261E00A3E94C /* BBStackExchangeAPIClient.m */,
				D352EFF0152A261E00A3E94C /* NSString+Formatting.h */,
				D352EFF1152A261E00A3E94C /* NSString+Formatting.m */,
				D352EFF2152A261E00A3E94C /* NSURL+StackExchange.h */,
				D352EFF3152A261E00A3E94C /* NSURL+StackExchange.m */,
			);
			name = BBStackExchange;
			sourceTree = "<group>";
		};
		D352EFD9152A261E00A3E94C /* Model */ = {
			isa = PBXGroup;
			children = (
				D352EFDA152A261E00A3E94C /* BBStackAPIAnswer.h */,
				D352EFDB152A261E00A3E94C /* BBStackAPIAnswer.m */,
				D352EFDC152A261E00A3E94C /* BBStackAPIComment.h */,
				D352EFDD152A261E00A3E94C /* BBStackAPIComment.m */,
				D352EFDE152A261E00A3E94C /* BBStackAPIModelBase.h */,
				D352EFDF152A261E00A3E94C /* BBStackAPIModelBase.m */,
				D352EFE0152A261E00A3E94C /* BBStackAPIQuestion.h */,
				D352EFE1152A261E00A3E94C /* BBStackAPIQuestion.m */,
				D352EFE2152A261E00A3E94C /* BBStackAPISite.h */,
				D352EFE3152A261E00A3E94C /* BBStackAPISite.m */,
				D352EFE4152A261E00A3E94C /* BBStackAPISiteInfo.h */,
				D352EFE5152A261E00A3E94C /* BBStackAPISiteInfo.m */,
				D352EFE6152A261E00A3E94C /* BBStackAPITag.h */,
				D352EFE7152A261E00A3E94C /* BBStackAPITag.m */,
				D352EFE8152A261E00A3E94C /* BBStackAPITagWiki.h */,
				D352EFE9152A261E00A3E94C /* BBStackAPITagWiki.m */,
				D352EFEA152A261E00A3E94C /* BBStackAPIUser.h */,
				D352EFEB152A261E00A3E94C /* BBStackAPIUser.m */,
				D352EFEC152A261E00A3E94C /* BBStackExchangeModel.h */,
				D352EFED152A261E00A3E94C /* BBStackExchangeModel.m */,
				D352EFEE152A261E00A3E94C /* NSArray+Formatting.h */,
				D352EFEF152A261E00A3E94C /* NSArray+Formatting.m */,
			);
			name = Model;
			path = ../BBStackExchange/Model;
			sourceTree = "<group>";
		};
/* End PBXGroup section */

/* Begin PBXNativeTarget section */
		D352EF7E1529FA4F00A3E94C /* BBStackExchange iOS Example */ = {
			isa = PBXNativeTarget;
			buildConfigurationList = D352EF971529FA4F00A3E94C /* Build configuration list for PBXNativeTarget "BBStackExchange iOS Example" */;
			buildPhases = (
				D352EF7B1529FA4F00A3E94C /* Sources */,
				D352EF7C1529FA4F00A3E94C /* Frameworks */,
				D352EF7D1529FA4F00A3E94C /* Resources */,
			);
			buildRules = (
			);
			dependencies = (
			);
			name = "BBStackExchange iOS Example";
			productName = iOSExample;
			productReference = D352EF7F1529FA4F00A3E94C /* BBStackExchange iOS Example.app */;
			productType = "com.apple.product-type.application";
		};
/* End PBXNativeTarget section */

/* Begin PBXProject section */
		D352EF761529FA4F00A3E94C /* Project object */ = {
			isa = PBXProject;
			attributes = {
				LastUpgradeCheck = 0430;
				ORGANIZATIONNAME = "BigBig Bomb, LLC";
			};
			buildConfigurationList = D352EF791529FA4F00A3E94C /* Build configuration list for PBXProject "BBStackExchange iOS Example" */;
			compatibilityVersion = "Xcode 3.2";
			developmentRegion = English;
			hasScannedForEncodings = 0;
			knownRegions = (
				en,
			);
			mainGroup = D352EF741529FA4F00A3E94C;
			productRefGroup = D352EF801529FA4F00A3E94C /* Products */;
			projectDirPath = "";
			projectRoot = "";
			targets = (
				D352EF7E1529FA4F00A3E94C /* BBStackExchange iOS Example */,
			);
		};
/* End PBXProject section */

/* Begin PBXResourcesBuildPhase section */
		D352EF7D1529FA4F00A3E94C /* Resources */ = {
			isa = PBXResourcesBuildPhase;
			buildActionMask = 2147483647;
			files = (
			);
			runOnlyForDeploymentPostprocessing = 0;
		};
/* End PBXResourcesBuildPhase section */

/* Begin PBXSourcesBuildPhase section */
		D352EF7B1529FA4F00A3E94C /* Sources */ = {
			isa = PBXSourcesBuildPhase;
			buildActionMask = 2147483647;
			files = (
				D352EFA11529FE4600A3E94C /* AppDelegate.m in Sources */,
				D352EFA61529FE5900A3E94C /* main.m in Sources */,
				D352EFF4152A261E00A3E94C /* BBStackAPICallData.m in Sources */,
				D352EFF5152A261E00A3E94C /* BBStackExchangeAPIClient.m in Sources */,
				D352EFF6152A261E00A3E94C /* BBStackAPIAnswer.m in Sources */,
				D352EFF7152A261E00A3E94C /* BBStackAPIComment.m in Sources */,
				D352EFF8152A261E00A3E94C /* BBStackAPIModelBase.m in Sources */,
				D352EFF9152A261E00A3E94C /* BBStackAPIQuestion.m in Sources */,
				D352EFFA152A261E00A3E94C /* BBStackAPISite.m in Sources */,
				D352EFFB152A261E00A3E94C /* BBStackAPISiteInfo.m in Sources */,
				D352EFFC152A261E00A3E94C /* BBStackAPITag.m in Sources */,
				D352EFFD152A261E00A3E94C /* BBStackAPITagWiki.m in Sources */,
				D352EFFE152A261E00A3E94C /* BBStackAPIUser.m in Sources */,
				D352EFFF152A261E00A3E94C /* BBStackExchangeModel.m in Sources */,
				D352F000152A261E00A3E94C /* NSArray+Formatting.m in Sources */,
				D352F001152A261E00A3E94C /* NSString+Formatting.m in Sources */,
				D352F002152A261E00A3E94C /* NSURL+StackExchange.m in Sources */,
				D352F0FC152A4FC700A3E94C /* AFHTTPClient.m in Sources */,
				D352F0FD152A4FC700A3E94C /* AFHTTPRequestOperation.m in Sources */,
				D352F0FE152A4FC700A3E94C /* AFImageRequestOperation.m in Sources */,
				D352F0FF152A4FC700A3E94C /* AFJSONRequestOperation.m in Sources */,
				D352F100152A4FC700A3E94C /* AFJSONUtilities.m in Sources */,
				D352F101152A4FC700A3E94C /* AFNetworkActivityIndicatorManager.m in Sources */,
				D352F102152A4FC700A3E94C /* AFPropertyListRequestOperation.m in Sources */,
				D352F103152A4FC700A3E94C /* AFURLConnectionOperation.m in Sources */,
				D352F104152A4FC700A3E94C /* AFXMLRequestOperation.m in Sources */,
				D352F105152A4FC700A3E94C /* UIImageView+AFNetworking.m in Sources */,
				D352F105152A4FC700A3E94E /* BBStackExchangeNetworkAPIClient.m in Sources */,
				D352F105152A4FC700A3E954 /* BBStackExchangeAPIClientBase+Protected.m in Sources */,
				D352F105152A4FC700A3E958 /* BBStackExchangeAPIClientBase.m in Sources */,
				D343512F152B580E00BEE7BB /* ExampleViewController.m in Sources */,
				D352F105152A4FC700A3E95A /* QuestionTableViewCell.m in Sources */,
			);
			runOnlyForDeploymentPostprocessing = 0;
		};
/* End PBXSourcesBuildPhase section */

/* Begin XCBuildConfiguration section */
		D352EF951529FA4F00A3E94C /* Debug */ = {
			isa = XCBuildConfiguration;
			buildSettings = {
				ALWAYS_SEARCH_USER_PATHS = NO;
				ARCHS = "$(ARCHS_STANDARD_32_BIT)";
				"CODE_SIGN_IDENTITY[sdk=iphoneos*]" = "iPhone Developer";
				COPY_PHASE_STRIP = NO;
				GCC_C_LANGUAGE_STANDARD = gnu99;
				GCC_DYNAMIC_NO_PIC = NO;
				GCC_OPTIMIZATION_LEVEL = 0;
				GCC_PREPROCESSOR_DEFINITIONS = (
					"DEBUG=1",
					"$(inherited)",
				);
				GCC_SYMBOLS_PRIVATE_EXTERN = NO;
				GCC_VERSION = com.apple.compilers.llvm.clang.1_0;
				GCC_WARN_ABOUT_RETURN_TYPE = YES;
				GCC_WARN_UNINITIALIZED_AUTOS = YES;
				GCC_WARN_UNUSED_VARIABLE = YES;
				IPHONEOS_DEPLOYMENT_TARGET = 5.1;
				SDKROOT = iphoneos;
			};
			name = Debug;
		};
		D352EF961529FA4F00A3E94C /* Release */ = {
			isa = XCBuildConfiguration;
			buildSettings = {
				ALWAYS_SEARCH_USER_PATHS = NO;
				ARCHS = "$(ARCHS_STANDARD_32_BIT)";
				"CODE_SIGN_IDENTITY[sdk=iphoneos*]" = "iPhone Developer";
				COPY_PHASE_STRIP = YES;
				GCC_C_LANGUAGE_STANDARD = gnu99;
				GCC_VERSION = com.apple.compilers.llvm.clang.1_0;
				GCC_WARN_ABOUT_RETURN_TYPE = YES;
				GCC_WARN_UNINITIALIZED_AUTOS = YES;
				GCC_WARN_UNUSED_VARIABLE = YES;
				IPHONEOS_DEPLOYMENT_TARGET = 5.1;
				OTHER_CFLAGS = "-DNS_BLOCK_ASSERTIONS=1";
				SDKROOT = iphoneos;
				VALIDATE_PRODUCT = YES;
			};
			name = Release;
		};
		D352EF981529FA4F00A3E94C /* Debug */ = {
			isa = XCBuildConfiguration;
			buildSettings = {
				GCC_PRECOMPILE_PREFIX_HEADER = YES;
				GCC_PREFIX_HEADER = "BBStackExchange iOS Example-Prefix.pch";
				INFOPLIST_FILE = "BBStackExchange iOS Example-Info.plist";
				PRODUCT_NAME = "BBStackExchange iOS Example";
				WRAPPER_EXTENSION = app;
			};
			name = Debug;
		};
		D352EF991529FA4F00A3E94C /* Release */ = {
			isa = XCBuildConfiguration;
			buildSettings = {
				GCC_PRECOMPILE_PREFIX_HEADER = YES;
				GCC_PREFIX_HEADER = "BBStackExchange iOS Example-Prefix.pch";
				INFOPLIST_FILE = "BBStackExchange iOS Example-Info.plist";
				PRODUCT_NAME = "BBStackExchange iOS Example";
				WRAPPER_EXTENSION = app;
			};
			name = Release;
		};
/* End XCBuildConfiguration section */

/* Begin XCConfigurationList section */
		D352EF791529FA4F00A3E94C /* Build configuration list for PBXProject "BBStackExchange iOS Example" */ = {
			isa = XCConfigurationList;
			buildConfigurations = (
				D352EF951529FA4F00A3E94C /* Debug */,
				D352EF961529FA4F00A3E94C /* Release */,
			);
			defaultConfigurationIsVisible = 0;
			defaultConfigurationName = Release;
		};
		D352EF971529FA4F00A3E94C /* Build configuration list for PBXNativeTarget "BBStackExchange iOS Example" */ = {
			isa = XCConfigurationList;
			buildConfigurations = (
				D352EF981529FA4F00A3E94C /* Debug */,
				D352EF991529FA4F00A3E94C /* Release */,
			);
			defaultConfigurationIsVisible = 0;
			defaultConfigurationName = Release;
		};
/* End XCConfigurationList section */
	};
	rootObject = D352EF761529FA4F00A3E94C /* Project object */;
}
